
Microsoft Visual Studio Solution File, Format Version 12.00
# Visual Studio Version 17
VisualStudioVersion = 17.13.35931.197
MinimumVisualStudioVersion = 10.0.40219.1
Project("{FAE04EC0-301F-11D3-BF4B-00C04F79EFBC}") = "LRUCache", "LRUCache\LRUCache.csproj", "{354C7BEF-341E-402D-BC5D-F9BA43174622}"
EndProject
Project("{FAE04EC0-301F-11D3-BF4B-00C04F79EFBC}") = "LRUCacheClass", "LRUCacheClass\LRUCacheClass.csproj", "{3F5A1343-2B97-4FF9-A388-BC16A5D92702}"
EndProject
Global
	GlobalSection(SolutionConfigurationPlatforms) = preSolution
		Debug|Any CPU = Debug|Any CPU
		Release|Any CPU = Release|Any CPU
	EndGlobalSection
	GlobalSection(ProjectConfigurationPlatforms) = postSolution
		{354C7BEF-341E-402D-BC5D-F9BA43174622}.Debug|Any CPU.ActiveCfg = Debug|Any CPU
		{354C7BEF-341E-402D-BC5D-F9BA43174622}.Debug|Any CPU.Build.0 = Debug|Any CPU
		{354C7BEF-341E-402D-BC5D-F9BA43174622}.Release|Any CPU.ActiveCfg = Release|Any CPU
		{354C7BEF-341E-402D-BC5D-F9BA43174622}.Release|Any CPU.Build.0 = Release|Any CPU
		{3F5A1343-2B97-4FF9-A388-BC16A5D92702}.Debug|Any CPU.ActiveCfg = Debug|Any CPU
		{3F5A1343-2B97-4FF9-A388-BC16A5D92702}.Debug|Any CPU.Build.0 = Debug|Any CPU
		{3F5A1343-2B97-4FF9-A388-BC16A5D92702}.Release|Any CPU.ActiveCfg = Release|Any CPU
		{3F5A1343-2B97-4FF9-A388-BC16A5D92702}.Release|Any CPU.Build.0 = Release|Any CPU
	EndGlobalSection
	GlobalSection(SolutionProperties) = preSolution
		HideSolutionNode = FALSE
	EndGlobalSection
	GlobalSection(ExtensibilityGlobals) = postSolution
		SolutionGuid = {69BA2A07-0281-4EAF-981C-F60ED97561AA}
	EndGlobalSection
EndGlobal
